
Microsoft Visual Studio Solution File, Format Version 12.00
# Visual Studio Version 17
VisualStudioVersion = 17.0.31903.59
MinimumVisualStudioVersion = 10.0.40219.1
Project("{2150E333-8FDC-42A3-9474-1A3956D46DE8}") = "Services", "Services", "{4A5899DB-A177-4178-8FDC-9FE1E4DE4327}"
EndProject
Project("{2150E333-8FDC-42A3-9474-1A3956D46DE8}") = "Catalog", "Catalog", "{83BBAB4F-FA0D-4420-B267-84988EFBBA4E}"
EndProject
Project("{9A19103F-16F7-4668-BE54-9A1E7A4F7556}") = "Catalog.API", "Services\Catalog\Catalog.API\Catalog.API.csproj", "{88BADA5B-4CA2-4571-81C2-2949CEF0CE5C}"
EndProject
Project("{E53339B2-1760-4266-BCC7-CA923CBCF16C}") = "docker-compose", "docker-compose.dcproj", "{820BFCF7-6CC4-4676-91FC-005462AC885E}"
EndProject
Project("{2150E333-8FDC-42A3-9474-1A3956D46DE8}") = "Basket", "Basket", "{90CD1E83-1FFF-4182-AA5E-2EA475400DDB}"
EndProject
Project("{9A19103F-16F7-4668-BE54-9A1E7A4F7556}") = "Basket.API", "Services\Basket\Basket.API\Basket.API.csproj", "{2B80E498-6BE8-48B4-8205-F77EE06FFE03}"
EndProject
Project("{2150E333-8FDC-42A3-9474-1A3956D46DE8}") = "Discount", "Discount", "{4D57A233-335D-403B-95B6-5DA14A344ABC}"
EndProject
Project("{9A19103F-16F7-4668-BE54-9A1E7A4F7556}") = "Discount.API", "Services\Discount\Discount.API\Discount.API.csproj", "{1CAA301E-162D-48C2-B357-4CB1E2FEF84D}"
EndProject
Project("{9A19103F-16F7-4668-BE54-9A1E7A4F7556}") = "Discount.Grpc", "Services\Discount\Discount.Grpc\Discount.Grpc.csproj", "{91091531-D87B-4339-AD88-21742082CFA8}"
EndProject
Project("{2150E333-8FDC-42A3-9474-1A3956D46DE8}") = "Ordering", "Ordering", "{A2BF5F7A-ED98-49EE-9FB6-994263375873}"
EndProject
Project("{FAE04EC0-301F-11D3-BF4B-00C04F79EFBC}") = "Ordering.API", "Services\Ordering\Ordering.API\Ordering.API.csproj", "{6172FC35-E965-4D08-A232-24048352DC66}"
EndProject
Project("{FAE04EC0-301F-11D3-BF4B-00C04F79EFBC}") = "Ordering.Domain", "Services\Ordering\Ordering.Domain\Ordering.Domain.csproj", "{1D53DC2B-CD28-4ACF-869F-CE39F45433F2}"
EndProject
Global
	GlobalSection(SolutionConfigurationPlatforms) = preSolution
		Debug|Any CPU = Debug|Any CPU
		Release|Any CPU = Release|Any CPU
	EndGlobalSection
	GlobalSection(ProjectConfigurationPlatforms) = postSolution
		{88BADA5B-4CA2-4571-81C2-2949CEF0CE5C}.Debug|Any CPU.ActiveCfg = Debug|Any CPU
		{88BADA5B-4CA2-4571-81C2-2949CEF0CE5C}.Debug|Any CPU.Build.0 = Debug|Any CPU
		{88BADA5B-4CA2-4571-81C2-2949CEF0CE5C}.Release|Any CPU.ActiveCfg = Release|Any CPU
		{88BADA5B-4CA2-4571-81C2-2949CEF0CE5C}.Release|Any CPU.Build.0 = Release|Any CPU
		{820BFCF7-6CC4-4676-91FC-005462AC885E}.Debug|Any CPU.ActiveCfg = Debug|Any CPU
		{820BFCF7-6CC4-4676-91FC-005462AC885E}.Debug|Any CPU.Build.0 = Debug|Any CPU
		{820BFCF7-6CC4-4676-91FC-005462AC885E}.Release|Any CPU.ActiveCfg = Release|Any CPU
		{820BFCF7-6CC4-4676-91FC-005462AC885E}.Release|Any CPU.Build.0 = Release|Any CPU
		{2B80E498-6BE8-48B4-8205-F77EE06FFE03}.Debug|Any CPU.ActiveCfg = Debug|Any CPU
		{2B80E498-6BE8-48B4-8205-F77EE06FFE03}.Debug|Any CPU.Build.0 = Debug|Any CPU
		{2B80E498-6BE8-48B4-8205-F77EE06FFE03}.Release|Any CPU.ActiveCfg = Release|Any CPU
		{2B80E498-6BE8-48B4-8205-F77EE06FFE03}.Release|Any CPU.Build.0 = Release|Any CPU
		{1CAA301E-162D-48C2-B357-4CB1E2FEF84D}.Debug|Any CPU.ActiveCfg = Debug|Any CPU
		{1CAA301E-162D-48C2-B357-4CB1E2FEF84D}.Debug|Any CPU.Build.0 = Debug|Any CPU
		{1CAA301E-162D-48C2-B357-4CB1E2FEF84D}.Release|Any CPU.ActiveCfg = Release|Any CPU
		{1CAA301E-162D-48C2-B357-4CB1E2FEF84D}.Release|Any CPU.Build.0 = Release|Any CPU
		{91091531-D87B-4339-AD88-21742082CFA8}.Debug|Any CPU.ActiveCfg = Debug|Any CPU
		{91091531-D87B-4339-AD88-21742082CFA8}.Debug|Any CPU.Build.0 = Debug|Any CPU
		{91091531-D87B-4339-AD88-21742082CFA8}.Release|Any CPU.ActiveCfg = Release|Any CPU
		{91091531-D87B-4339-AD88-21742082CFA8}.Release|Any CPU.Build.0 = Release|Any CPU
		{6172FC35-E965-4D08-A232-24048352DC66}.Debug|Any CPU.ActiveCfg = Debug|Any CPU
		{6172FC35-E965-4D08-A232-24048352DC66}.Debug|Any CPU.Build.0 = Debug|Any CPU
		{6172FC35-E965-4D08-A232-24048352DC66}.Release|Any CPU.ActiveCfg = Release|Any CPU
		{6172FC35-E965-4D08-A232-24048352DC66}.Release|Any CPU.Build.0 = Release|Any CPU
		{1D53DC2B-CD28-4ACF-869F-CE39F45433F2}.Debug|Any CPU.ActiveCfg = Debug|Any CPU
		{1D53DC2B-CD28-4ACF-869F-CE39F45433F2}.Debug|Any CPU.Build.0 = Debug|Any CPU
		{1D53DC2B-CD28-4ACF-869F-CE39F45433F2}.Release|Any CPU.ActiveCfg = Release|Any CPU
		{1D53DC2B-CD28-4ACF-869F-CE39F45433F2}.Release|Any CPU.Build.0 = Release|Any CPU
	EndGlobalSection
	GlobalSection(SolutionProperties) = preSolution
		HideSolutionNode = FALSE
	EndGlobalSection
	GlobalSection(NestedProjects) = preSolution
		{83BBAB4F-FA0D-4420-B267-84988EFBBA4E} = {4A5899DB-A177-4178-8FDC-9FE1E4DE4327}
		{88BADA5B-4CA2-4571-81C2-2949CEF0CE5C} = {83BBAB4F-FA0D-4420-B267-84988EFBBA4E}
		{90CD1E83-1FFF-4182-AA5E-2EA475400DDB} = {4A5899DB-A177-4178-8FDC-9FE1E4DE4327}
		{2B80E498-6BE8-48B4-8205-F77EE06FFE03} = {90CD1E83-1FFF-4182-AA5E-2EA475400DDB}
		{4D57A233-335D-403B-95B6-5DA14A344ABC} = {4A5899DB-A177-4178-8FDC-9FE1E4DE4327}
		{1CAA301E-162D-48C2-B357-4CB1E2FEF84D} = {4D57A233-335D-403B-95B6-5DA14A344ABC}
		{91091531-D87B-4339-AD88-21742082CFA8} = {4D57A233-335D-403B-95B6-5DA14A344ABC}
		{A2BF5F7A-ED98-49EE-9FB6-994263375873} = {4A5899DB-A177-4178-8FDC-9FE1E4DE4327}
		{6172FC35-E965-4D08-A232-24048352DC66} = {A2BF5F7A-ED98-49EE-9FB6-994263375873}
		{1D53DC2B-CD28-4ACF-869F-CE39F45433F2} = {A2BF5F7A-ED98-49EE-9FB6-994263375873}
	EndGlobalSection
	GlobalSection(ExtensibilityGlobals) = postSolution
		SolutionGuid = {DA0D8F52-D7C3-4B75-AD1E-39537AC53A7D}
	EndGlobalSection
EndGlobal
