
Microsoft Visual Studio Solution File, Format Version 12.00
# Visual Studio Version 17
VisualStudioVersion = 17.0.31903.59
MinimumVisualStudioVersion = 10.0.40219.1
Project("{2150E333-8FDC-42A3-9474-1A3956D46DE8}") = "Services", "Services", "{4A5899DB-A177-4178-8FDC-9FE1E4DE4327}"
EndProject
Project("{2150E333-8FDC-42A3-9474-1A3956D46DE8}") = "Catalog", "Catalog", "{83BBAB4F-FA0D-4420-B267-84988EFBBA4E}"
EndProject
Project("{9A19103F-16F7-4668-BE54-9A1E7A4F7556}") = "Catalog.API", "Services\Catalog\Catalog.API\Catalog.API.csproj", "{88BADA5B-4CA2-4571-81C2-2949CEF0CE5C}"
EndProject
Project("{E53339B2-1760-4266-BCC7-CA923CBCF16C}") = "docker-compose", "docker-compose.dcproj", "{820BFCF7-6CC4-4676-91FC-005462AC885E}"
EndProject
Project("{2150E333-8FDC-42A3-9474-1A3956D46DE8}") = "Basket", "Basket", "{90CD1E83-1FFF-4182-AA5E-2EA475400DDB}"
EndProject
Project("{9A19103F-16F7-4668-BE54-9A1E7A4F7556}") = "Basket.API", "Services\Basket\Basket.API\Basket.API.csproj", "{2B80E498-6BE8-48B4-8205-F77EE06FFE03}"
EndProject
Project("{2150E333-8FDC-42A3-9474-1A3956D46DE8}") = "Discount", "Discount", "{4D57A233-335D-403B-95B6-5DA14A344ABC}"
EndProject
Project("{9A19103F-16F7-4668-BE54-9A1E7A4F7556}") = "Discount.API", "Services\Discount\Discount.API\Discount.API.csproj", "{1CAA301E-162D-48C2-B357-4CB1E2FEF84D}"
EndProject
Project("{9A19103F-16F7-4668-BE54-9A1E7A4F7556}") = "Discount.Grpc", "Services\Discount\Discount.Grpc\Discount.Grpc.csproj", "{91091531-D87B-4339-AD88-21742082CFA8}"
EndProject
Project("{2150E333-8FDC-42A3-9474-1A3956D46DE8}") = "Ordering", "Ordering", "{A2BF5F7A-ED98-49EE-9FB6-994263375873}"
EndProject
Project("{9A19103F-16F7-4668-BE54-9A1E7A4F7556}") = "Ordering.API", "Services\Ordering\Ordering.API\Ordering.API.csproj", "{6172FC35-E965-4D08-A232-24048352DC66}"
EndProject
Project("{9A19103F-16F7-4668-BE54-9A1E7A4F7556}") = "Ordering.Domain", "Services\Ordering\Ordering.Domain\Ordering.Domain.csproj", "{1D53DC2B-CD28-4ACF-869F-CE39F45433F2}"
EndProject
Project("{9A19103F-16F7-4668-BE54-9A1E7A4F7556}") = "Ordering.Application", "Services\Ordering\Ordering.Application\Ordering.Application.csproj", "{60F674F6-2632-44AC-86CE-6DA3915B4A08}"
EndProject
Project("{9A19103F-16F7-4668-BE54-9A1E7A4F7556}") = "Ordering.Infrastructure", "Services\Ordering\Ordering.Infrastructure\Ordering.Infrastructure.csproj", "{BDDE8C44-C13C-49C8-B60C-0A70D59055AD}"
EndProject
Project("{2150E333-8FDC-42A3-9474-1A3956D46DE8}") = "BuildingBlocks", "BuildingBlocks", "{E1C0EAEE-3FD8-42D5-AB10-3F806168F00D}"
EndProject
Project("{9A19103F-16F7-4668-BE54-9A1E7A4F7556}") = "EventBus.Messages", "BuildingBlocks\EventBus.Messages\EventBus.Messages.csproj", "{E4BD09B3-D0AE-4BCB-A167-627B6852D1D2}"
EndProject
Project("{2150E333-8FDC-42A3-9474-1A3956D46DE8}") = "ApiGateways", "ApiGateways", "{6F06B772-E6C8-4FFB-84AC-B1342E405754}"
EndProject
Project("{9A19103F-16F7-4668-BE54-9A1E7A4F7556}") = "OcelotApiGw", "ApiGateways\OcelotApiGw\OcelotApiGw.csproj", "{660D84EE-A341-4A1A-B5E4-3BE0AE2E3EF0}"
EndProject
Project("{9A19103F-16F7-4668-BE54-9A1E7A4F7556}") = "Shopping.Aggregator", "ApiGateways\Shopping.Aggregator\Shopping.Aggregator.csproj", "{AD64A065-209C-4172-BD77-FFDA0351DEB3}"
EndProject
Project("{2150E333-8FDC-42A3-9474-1A3956D46DE8}") = "WebApps", "WebApps", "{01472EEA-E8AE-4BC9-A908-DE8C323C87F9}"
EndProject
Project("{9A19103F-16F7-4668-BE54-9A1E7A4F7556}") = "AspnetRunBasics", "WebApps\AspnetRunBasics\AspnetRunBasics.csproj", "{14DEEB27-BBBE-4F70-A86C-2DE02302935A}"
EndProject
Project("{FAE04EC0-301F-11D3-BF4B-00C04F79EFBC}") = "Catalog.Common", "Services\Catalog\Catalog.Common\Catalog.Common.csproj", "{6FA60F27-0BAA-472E-AFF3-629CEC8AC2BA}"
EndProject
Project("{2150E333-8FDC-42A3-9474-1A3956D46DE8}") = "Catalog.Query", "Catalog.Query", "{E443B361-D411-4DB3-98F5-EE21160CACE0}"
EndProject
Project("{FAE04EC0-301F-11D3-BF4B-00C04F79EFBC}") = "Catalog.Query.Application", "Services\Catalog\Catalog.Query\Catalog.Query.Application\Catalog.Query.Application.csproj", "{FC1610C7-8980-4E3A-A4A7-E46EF5BF66C4}"
EndProject
Project("{FAE04EC0-301F-11D3-BF4B-00C04F79EFBC}") = "Catalog.Query.Domain", "Services\Catalog\Catalog.Query\Catalog.Query.Domain\Catalog.Query.Domain.csproj", "{06B5DF61-6448-4560-AAE7-D4ECEBFF3153}"
EndProject
Project("{FAE04EC0-301F-11D3-BF4B-00C04F79EFBC}") = "Catalog.Query.Infrastructure", "Services\Catalog\Catalog.Query\Catalog.Query.Infrastructure\Catalog.Query.Infrastructure.csproj", "{94139027-CB4C-4BCF-8679-AC0F61B34631}"
EndProject
Project("{FAE04EC0-301F-11D3-BF4B-00C04F79EFBC}") = "Catalog.Query.API", "Services\Catalog\Catalog.Query\Catalog.Query.API\Catalog.Query.API.csproj", "{D4A11C6F-8D6C-40EF-8238-FD08CF88BCF9}"
EndProject
Project("{FAE04EC0-301F-11D3-BF4B-00C04F79EFBC}") = "Infrastructure.Common", "BuildingBlocks\Infrastructure.Common\Infrastructure.Common.csproj", "{2E138A96-3D23-4F97-8327-296151AF6719}"
EndProject
Project("{FAE04EC0-301F-11D3-BF4B-00C04F79EFBC}") = "Common", "Services\Common\Common.csproj", "{EEB59F69-E4C7-4D6B-890C-57FD6FB13AAC}"
EndProject
Global
	GlobalSection(SolutionConfigurationPlatforms) = preSolution
		Debug|Any CPU = Debug|Any CPU
		Release|Any CPU = Release|Any CPU
	EndGlobalSection
	GlobalSection(ProjectConfigurationPlatforms) = postSolution
		{88BADA5B-4CA2-4571-81C2-2949CEF0CE5C}.Debug|Any CPU.ActiveCfg = Debug|Any CPU
		{88BADA5B-4CA2-4571-81C2-2949CEF0CE5C}.Debug|Any CPU.Build.0 = Debug|Any CPU
		{88BADA5B-4CA2-4571-81C2-2949CEF0CE5C}.Release|Any CPU.ActiveCfg = Release|Any CPU
		{88BADA5B-4CA2-4571-81C2-2949CEF0CE5C}.Release|Any CPU.Build.0 = Release|Any CPU
		{820BFCF7-6CC4-4676-91FC-005462AC885E}.Debug|Any CPU.ActiveCfg = Debug|Any CPU
		{820BFCF7-6CC4-4676-91FC-005462AC885E}.Debug|Any CPU.Build.0 = Debug|Any CPU
		{820BFCF7-6CC4-4676-91FC-005462AC885E}.Release|Any CPU.ActiveCfg = Release|Any CPU
		{820BFCF7-6CC4-4676-91FC-005462AC885E}.Release|Any CPU.Build.0 = Release|Any CPU
		{2B80E498-6BE8-48B4-8205-F77EE06FFE03}.Debug|Any CPU.ActiveCfg = Debug|Any CPU
		{2B80E498-6BE8-48B4-8205-F77EE06FFE03}.Debug|Any CPU.Build.0 = Debug|Any CPU
		{2B80E498-6BE8-48B4-8205-F77EE06FFE03}.Release|Any CPU.ActiveCfg = Release|Any CPU
		{2B80E498-6BE8-48B4-8205-F77EE06FFE03}.Release|Any CPU.Build.0 = Release|Any CPU
		{1CAA301E-162D-48C2-B357-4CB1E2FEF84D}.Debug|Any CPU.ActiveCfg = Debug|Any CPU
		{1CAA301E-162D-48C2-B357-4CB1E2FEF84D}.Debug|Any CPU.Build.0 = Debug|Any CPU
		{1CAA301E-162D-48C2-B357-4CB1E2FEF84D}.Release|Any CPU.ActiveCfg = Release|Any CPU
		{1CAA301E-162D-48C2-B357-4CB1E2FEF84D}.Release|Any CPU.Build.0 = Release|Any CPU
		{91091531-D87B-4339-AD88-21742082CFA8}.Debug|Any CPU.ActiveCfg = Debug|Any CPU
		{91091531-D87B-4339-AD88-21742082CFA8}.Debug|Any CPU.Build.0 = Debug|Any CPU
		{91091531-D87B-4339-AD88-21742082CFA8}.Release|Any CPU.ActiveCfg = Release|Any CPU
		{91091531-D87B-4339-AD88-21742082CFA8}.Release|Any CPU.Build.0 = Release|Any CPU
		{6172FC35-E965-4D08-A232-24048352DC66}.Debug|Any CPU.ActiveCfg = Debug|Any CPU
		{6172FC35-E965-4D08-A232-24048352DC66}.Debug|Any CPU.Build.0 = Debug|Any CPU
		{6172FC35-E965-4D08-A232-24048352DC66}.Release|Any CPU.ActiveCfg = Release|Any CPU
		{6172FC35-E965-4D08-A232-24048352DC66}.Release|Any CPU.Build.0 = Release|Any CPU
		{1D53DC2B-CD28-4ACF-869F-CE39F45433F2}.Debug|Any CPU.ActiveCfg = Debug|Any CPU
		{1D53DC2B-CD28-4ACF-869F-CE39F45433F2}.Debug|Any CPU.Build.0 = Debug|Any CPU
		{1D53DC2B-CD28-4ACF-869F-CE39F45433F2}.Release|Any CPU.ActiveCfg = Release|Any CPU
		{1D53DC2B-CD28-4ACF-869F-CE39F45433F2}.Release|Any CPU.Build.0 = Release|Any CPU
		{60F674F6-2632-44AC-86CE-6DA3915B4A08}.Debug|Any CPU.ActiveCfg = Debug|Any CPU
		{60F674F6-2632-44AC-86CE-6DA3915B4A08}.Debug|Any CPU.Build.0 = Debug|Any CPU
		{60F674F6-2632-44AC-86CE-6DA3915B4A08}.Release|Any CPU.ActiveCfg = Release|Any CPU
		{60F674F6-2632-44AC-86CE-6DA3915B4A08}.Release|Any CPU.Build.0 = Release|Any CPU
		{BDDE8C44-C13C-49C8-B60C-0A70D59055AD}.Debug|Any CPU.ActiveCfg = Debug|Any CPU
		{BDDE8C44-C13C-49C8-B60C-0A70D59055AD}.Debug|Any CPU.Build.0 = Debug|Any CPU
		{BDDE8C44-C13C-49C8-B60C-0A70D59055AD}.Release|Any CPU.ActiveCfg = Release|Any CPU
		{BDDE8C44-C13C-49C8-B60C-0A70D59055AD}.Release|Any CPU.Build.0 = Release|Any CPU
		{E4BD09B3-D0AE-4BCB-A167-627B6852D1D2}.Debug|Any CPU.ActiveCfg = Debug|Any CPU
		{E4BD09B3-D0AE-4BCB-A167-627B6852D1D2}.Debug|Any CPU.Build.0 = Debug|Any CPU
		{E4BD09B3-D0AE-4BCB-A167-627B6852D1D2}.Release|Any CPU.ActiveCfg = Release|Any CPU
		{E4BD09B3-D0AE-4BCB-A167-627B6852D1D2}.Release|Any CPU.Build.0 = Release|Any CPU
		{660D84EE-A341-4A1A-B5E4-3BE0AE2E3EF0}.Debug|Any CPU.ActiveCfg = Debug|Any CPU
		{660D84EE-A341-4A1A-B5E4-3BE0AE2E3EF0}.Debug|Any CPU.Build.0 = Debug|Any CPU
		{660D84EE-A341-4A1A-B5E4-3BE0AE2E3EF0}.Release|Any CPU.ActiveCfg = Release|Any CPU
		{660D84EE-A341-4A1A-B5E4-3BE0AE2E3EF0}.Release|Any CPU.Build.0 = Release|Any CPU
		{AD64A065-209C-4172-BD77-FFDA0351DEB3}.Debug|Any CPU.ActiveCfg = Debug|Any CPU
		{AD64A065-209C-4172-BD77-FFDA0351DEB3}.Debug|Any CPU.Build.0 = Debug|Any CPU
		{AD64A065-209C-4172-BD77-FFDA0351DEB3}.Release|Any CPU.ActiveCfg = Release|Any CPU
		{AD64A065-209C-4172-BD77-FFDA0351DEB3}.Release|Any CPU.Build.0 = Release|Any CPU
		{14DEEB27-BBBE-4F70-A86C-2DE02302935A}.Debug|Any CPU.ActiveCfg = Debug|Any CPU
		{14DEEB27-BBBE-4F70-A86C-2DE02302935A}.Debug|Any CPU.Build.0 = Debug|Any CPU
		{14DEEB27-BBBE-4F70-A86C-2DE02302935A}.Release|Any CPU.ActiveCfg = Release|Any CPU
		{14DEEB27-BBBE-4F70-A86C-2DE02302935A}.Release|Any CPU.Build.0 = Release|Any CPU
		{6FA60F27-0BAA-472E-AFF3-629CEC8AC2BA}.Debug|Any CPU.ActiveCfg = Debug|Any CPU
		{6FA60F27-0BAA-472E-AFF3-629CEC8AC2BA}.Debug|Any CPU.Build.0 = Debug|Any CPU
		{6FA60F27-0BAA-472E-AFF3-629CEC8AC2BA}.Release|Any CPU.ActiveCfg = Release|Any CPU
		{6FA60F27-0BAA-472E-AFF3-629CEC8AC2BA}.Release|Any CPU.Build.0 = Release|Any CPU
		{FC1610C7-8980-4E3A-A4A7-E46EF5BF66C4}.Debug|Any CPU.ActiveCfg = Debug|Any CPU
		{FC1610C7-8980-4E3A-A4A7-E46EF5BF66C4}.Debug|Any CPU.Build.0 = Debug|Any CPU
		{FC1610C7-8980-4E3A-A4A7-E46EF5BF66C4}.Release|Any CPU.ActiveCfg = Release|Any CPU
		{FC1610C7-8980-4E3A-A4A7-E46EF5BF66C4}.Release|Any CPU.Build.0 = Release|Any CPU
		{06B5DF61-6448-4560-AAE7-D4ECEBFF3153}.Debug|Any CPU.ActiveCfg = Debug|Any CPU
		{06B5DF61-6448-4560-AAE7-D4ECEBFF3153}.Debug|Any CPU.Build.0 = Debug|Any CPU
		{06B5DF61-6448-4560-AAE7-D4ECEBFF3153}.Release|Any CPU.ActiveCfg = Release|Any CPU
		{06B5DF61-6448-4560-AAE7-D4ECEBFF3153}.Release|Any CPU.Build.0 = Release|Any CPU
		{94139027-CB4C-4BCF-8679-AC0F61B34631}.Debug|Any CPU.ActiveCfg = Debug|Any CPU
		{94139027-CB4C-4BCF-8679-AC0F61B34631}.Debug|Any CPU.Build.0 = Debug|Any CPU
		{94139027-CB4C-4BCF-8679-AC0F61B34631}.Release|Any CPU.ActiveCfg = Release|Any CPU
		{94139027-CB4C-4BCF-8679-AC0F61B34631}.Release|Any CPU.Build.0 = Release|Any CPU
		{D4A11C6F-8D6C-40EF-8238-FD08CF88BCF9}.Debug|Any CPU.ActiveCfg = Debug|Any CPU
		{D4A11C6F-8D6C-40EF-8238-FD08CF88BCF9}.Debug|Any CPU.Build.0 = Debug|Any CPU
		{D4A11C6F-8D6C-40EF-8238-FD08CF88BCF9}.Release|Any CPU.ActiveCfg = Release|Any CPU
		{D4A11C6F-8D6C-40EF-8238-FD08CF88BCF9}.Release|Any CPU.Build.0 = Release|Any CPU
		{2E138A96-3D23-4F97-8327-296151AF6719}.Debug|Any CPU.ActiveCfg = Debug|Any CPU
		{2E138A96-3D23-4F97-8327-296151AF6719}.Debug|Any CPU.Build.0 = Debug|Any CPU
		{2E138A96-3D23-4F97-8327-296151AF6719}.Release|Any CPU.ActiveCfg = Release|Any CPU
		{2E138A96-3D23-4F97-8327-296151AF6719}.Release|Any CPU.Build.0 = Release|Any CPU
		{EEB59F69-E4C7-4D6B-890C-57FD6FB13AAC}.Debug|Any CPU.ActiveCfg = Debug|Any CPU
		{EEB59F69-E4C7-4D6B-890C-57FD6FB13AAC}.Debug|Any CPU.Build.0 = Debug|Any CPU
		{EEB59F69-E4C7-4D6B-890C-57FD6FB13AAC}.Release|Any CPU.ActiveCfg = Release|Any CPU
		{EEB59F69-E4C7-4D6B-890C-57FD6FB13AAC}.Release|Any CPU.Build.0 = Release|Any CPU
	EndGlobalSection
	GlobalSection(SolutionProperties) = preSolution
		HideSolutionNode = FALSE
	EndGlobalSection
	GlobalSection(NestedProjects) = preSolution
		{83BBAB4F-FA0D-4420-B267-84988EFBBA4E} = {4A5899DB-A177-4178-8FDC-9FE1E4DE4327}
		{88BADA5B-4CA2-4571-81C2-2949CEF0CE5C} = {83BBAB4F-FA0D-4420-B267-84988EFBBA4E}
		{90CD1E83-1FFF-4182-AA5E-2EA475400DDB} = {4A5899DB-A177-4178-8FDC-9FE1E4DE4327}
		{2B80E498-6BE8-48B4-8205-F77EE06FFE03} = {90CD1E83-1FFF-4182-AA5E-2EA475400DDB}
		{4D57A233-335D-403B-95B6-5DA14A344ABC} = {4A5899DB-A177-4178-8FDC-9FE1E4DE4327}
		{1CAA301E-162D-48C2-B357-4CB1E2FEF84D} = {4D57A233-335D-403B-95B6-5DA14A344ABC}
		{91091531-D87B-4339-AD88-21742082CFA8} = {4D57A233-335D-403B-95B6-5DA14A344ABC}
		{A2BF5F7A-ED98-49EE-9FB6-994263375873} = {4A5899DB-A177-4178-8FDC-9FE1E4DE4327}
		{6172FC35-E965-4D08-A232-24048352DC66} = {A2BF5F7A-ED98-49EE-9FB6-994263375873}
		{1D53DC2B-CD28-4ACF-869F-CE39F45433F2} = {A2BF5F7A-ED98-49EE-9FB6-994263375873}
		{60F674F6-2632-44AC-86CE-6DA3915B4A08} = {A2BF5F7A-ED98-49EE-9FB6-994263375873}
		{BDDE8C44-C13C-49C8-B60C-0A70D59055AD} = {A2BF5F7A-ED98-49EE-9FB6-994263375873}
		{E4BD09B3-D0AE-4BCB-A167-627B6852D1D2} = {E1C0EAEE-3FD8-42D5-AB10-3F806168F00D}
		{660D84EE-A341-4A1A-B5E4-3BE0AE2E3EF0} = {6F06B772-E6C8-4FFB-84AC-B1342E405754}
		{AD64A065-209C-4172-BD77-FFDA0351DEB3} = {6F06B772-E6C8-4FFB-84AC-B1342E405754}
		{14DEEB27-BBBE-4F70-A86C-2DE02302935A} = {01472EEA-E8AE-4BC9-A908-DE8C323C87F9}
		{6FA60F27-0BAA-472E-AFF3-629CEC8AC2BA} = {83BBAB4F-FA0D-4420-B267-84988EFBBA4E}
		{E443B361-D411-4DB3-98F5-EE21160CACE0} = {83BBAB4F-FA0D-4420-B267-84988EFBBA4E}
		{FC1610C7-8980-4E3A-A4A7-E46EF5BF66C4} = {E443B361-D411-4DB3-98F5-EE21160CACE0}
		{06B5DF61-6448-4560-AAE7-D4ECEBFF3153} = {E443B361-D411-4DB3-98F5-EE21160CACE0}
		{94139027-CB4C-4BCF-8679-AC0F61B34631} = {E443B361-D411-4DB3-98F5-EE21160CACE0}
		{D4A11C6F-8D6C-40EF-8238-FD08CF88BCF9} = {E443B361-D411-4DB3-98F5-EE21160CACE0}
		{2E138A96-3D23-4F97-8327-296151AF6719} = {E1C0EAEE-3FD8-42D5-AB10-3F806168F00D}
		{EEB59F69-E4C7-4D6B-890C-57FD6FB13AAC} = {4A5899DB-A177-4178-8FDC-9FE1E4DE4327}
	EndGlobalSection
	GlobalSection(ExtensibilityGlobals) = postSolution
		SolutionGuid = {DA0D8F52-D7C3-4B75-AD1E-39537AC53A7D}
	EndGlobalSection
EndGlobal
